# This file is generated by running "yarn install" inside your project.
# Manual changes might be lost - proceed with caution!

__metadata:
  version: 6
  cacheKey: 8

"@mish.dev/prettier@workspace:.":
  version: 0.0.0-use.local
  resolution: "@mish.dev/prettier@workspace:."
  dependencies:
    prettier: ^3.3.3
  languageName: unknown
  linkType: soft

"prettier@npm:^3.3.3":
  version: 3.4.1
  resolution: "prettier@npm:3.4.1"
  bin:
    prettier: bin/prettier.cjs
  checksum: f83ae83e38ae38f42c0b174833f58f820ed6eb063abfc5aa6725e8f9c1d626b54b1cb9d595cace525f8d59de89e186285f6bbcb460dc644ea9d8a7823cc54aca
  languageName: node
  linkType: hard
