# This file is generated by running "yarn install" inside your project.
# Manual changes might be lost - proceed with caution!

__metadata:
  version: 6
  cacheKey: 8

"@mish.dev/prettier@workspace:.":
  version: 0.0.0-use.local
  resolution: "@mish.dev/prettier@workspace:."
  dependencies:
    prettier: ^3.3.3
  languageName: unknown
  linkType: soft

"prettier@npm:^3.3.3":
  version: 3.6.2
  resolution: "prettier@npm:3.6.2"
  bin:
    prettier: bin/prettier.cjs
  checksum: 0206f5f437892e8858f298af8850bf9d0ef1c22e21107a213ba56bfb9c2387a2020bfda244a20161d8e3dad40c6b04101609a55d370dece53d0a31893b64f861
  languageName: node
  linkType: hard
